# generated by scripts/resources.py export — do not edit
tini	linux/amd64	https://github.com/krallin/tini/releases/download/v0.19.0/tini-amd64	93dcc18adc78c65a028a84799ecf8ad40c936fdfc5f2a57b1acda5a8117fa82c	tini-amd64	0.19.0
tini	linux/arm64	https://github.com/krallin/tini/releases/download/v0.19.0/tini-arm64	07952557df20bfd2a95f9bef198b445e006171969499a1d361bd9e6f8e5e0e81	tini-arm64	0.19.0
ttyd	linux/amd64	https://github.com/tsl0922/ttyd/releases/download/1.7.7/ttyd.x86_64	8a217c968aba172e0dbf3f34447218dc015bc4d5e59bf51db2f2cd12b7be4f55	ttyd.x86_64	1.7.7
ttyd	linux/arm64	https://github.com/tsl0922/ttyd/releases/download/1.7.7/ttyd.aarch64	b38acadd89d1d396a0f5649aa52c539edbad07f4bc7348b27b4f4b7219dd4165	ttyd.aarch64	1.7.7
nodejs	linux/amd64	https://nodejs.org/dist/v22.23.2/node-v22.23.2-linux-x64.tar.xz	d60acfe00a2932254bb0ad20e01b0d74397a0875595de719654b214f4b03f307	node-v22.23.2-linux-x64.tar.xz	22.23.2
nodejs	linux/arm64	https://nodejs.org/dist/v22.23.2/node-v22.23.2-linux-arm64.tar.xz	fff4078c5def658577f92c88db7db3bc0072924bfb93fe52c1e744a54e94abb8	node-v22.23.2-linux-arm64.tar.xz	22.23.2
python	linux/amd64	https://github.com/astral-sh/python-build-standalone/releases/download/20260901/cpython-3.13.15+20260901-x86_64-unknown-linux-gnu-install_only_stripped.tar.gz	8a689a077337bea6d1c4bc0b7df1d52fcaa28f5f67e50df8bf417c1e3f9d8874	cpython-3.13.15+20260901-x86_64-unknown-linux-gnu-install_only_stripped.tar.gz	3.13.15+20260901
python	linux/arm64	https://github.com/astral-sh/python-build-standalone/releases/download/20260901/cpython-3.13.15+20260901-aarch64-unknown-linux-gnu-install_only_stripped.tar.gz	01ce0ce9189feaead3298abf10d4efe998c55a489b3d5d38ca4f83dda7e7977e	cpython-3.13.15+20260901-aarch64-unknown-linux-gnu-install_only_stripped.tar.gz	3.13.15+20260901
gocmd	linux/amd64	https://github.com/cyverse/gocommands/releases/download/v0.12.3/gocmd-v0.12.3-linux-amd64.tar.gz	b04b92ea6e70093dd8ca963eea0db2f625770b14f6a9d7b4e4fc22aeeaacb019	gocmd-v0.12.3-linux-amd64.tar.gz	0.12.3
gocmd	linux/arm64	https://github.com/cyverse/gocommands/releases/download/v0.12.3/gocmd-v0.12.3-linux-arm64.tar.gz	2ee73bbc533715f79afe8564582549a25c627a11b20aa18429a9fc64776f7a14	gocmd-v0.12.3-linux-arm64.tar.gz	0.12.3
gh	linux/amd64	https://github.com/cli/cli/releases/download/v2.100.0/gh_2.100.0_linux_amd64.tar.gz	e4d4bb4498e8d007abe545b6568926793ace1b6447da598294a610018cb164be	gh_2.100.0_linux_amd64.tar.gz	2.100.0
gh	linux/arm64	https://github.com/cli/cli/releases/download/v2.100.0/gh_2.100.0_linux_arm64.tar.gz	ea4e7a581a32ccad6cc7923cb1576ac5859ba4b9a16ab22eb8f8a96e78e2e961	gh_2.100.0_linux_arm64.tar.gz	2.100.0
git-credential-manager	linux/amd64	https://github.com/git-ecosystem/git-credential-manager/releases/download/v2.9.1/gcm-linux-x64-2.9.1.tar.gz	31fc151c3b111ffe25616a4356bd9a50bdcdbd0922c5e11990fb220c6caf1ce1	gcm-linux-x64-2.9.1.tar.gz	2.9.1
git-credential-manager	linux/arm64	https://github.com/git-ecosystem/git-credential-manager/releases/download/v2.9.1/gcm-linux-arm64-2.9.1.tar.gz	cf3806b7528b5a5af16bd4bd0683202fc432d9008dd91d20c4c6744b24a033b5	gcm-linux-arm64-2.9.1.tar.gz	2.9.1
awscli	linux/amd64	https://awscli.amazonaws.com/awscli-exe-linux-x86_64-2.36.40.zip	a904e314340ad4c4b62beb50e9259d4becb2acf3dffc86c96c553c834d7fdf7a	awscli-exe-linux-x86_64-2.36.40.zip	2.36.40
awscli	linux/arm64	https://awscli.amazonaws.com/awscli-exe-linux-aarch64-2.36.40.zip	f26e08d0d64d9f35f304a9df94d63cbd11ffe8881c8b4bf60be934cf9e4d13a9	awscli-exe-linux-aarch64-2.36.40.zip	2.36.40
duckdb	linux/amd64	https://github.com/duckdb/duckdb/releases/download/v1.5.5/duckdb_cli-linux-amd64.gz	c61f21485e6e41d3a0c28ce9904ea18346309cf427b4cf9479bc3564348dc885	duckdb_cli-linux-amd64.gz	1.5.5
duckdb	linux/arm64	https://github.com/duckdb/duckdb/releases/download/v1.5.5/duckdb_cli-linux-arm64.gz	50c719e603a4e599d435e5321542458edc1cfc5f7eed65979fe9bc5ae4e3ba23	duckdb_cli-linux-arm64.gz	1.5.5
ant	linux/amd64	https://github.com/anthropics/anthropic-cli/releases/download/v1.31.0/ant_1.31.0_linux_amd64.tar.gz	d7ff66396a50f94d822386d3a85e5e3601753e33e45c42a53cff59077667f178	ant_1.31.0_linux_amd64.tar.gz	1.31.0
ant	linux/arm64	https://github.com/anthropics/anthropic-cli/releases/download/v1.31.0/ant_1.31.0_linux_arm64.tar.gz	efb3e62296695dcab8a9e5bb19d3a919ca7d33b581fab48081dd3737044bfd0f	ant_1.31.0_linux_arm64.tar.gz	1.31.0
opencode	linux/amd64	https://github.com/anomalyco/opencode/releases/download/v1.18.29/opencode-linux-x64.tar.gz	ea800b7ff56226b70952126c9fc1e2517ca4c4b5682fd9d3f9e87449697a1194	opencode-linux-x64.tar.gz	1.18.29
opencode	linux/arm64	https://github.com/anomalyco/opencode/releases/download/v1.18.29/opencode-linux-arm64.tar.gz	70baf769395ca4e7a68924026530c390eace194f3b7e4919d4efcb2aa2eed3c0	opencode-linux-arm64.tar.gz	1.18.29
goose	linux/amd64	https://github.com/aaif-goose/goose/releases/download/v1.49.0/goose-x86_64-unknown-linux-gnu.tar.bz2	c631a55e7d826d28c3bcd87b71a0aaecc9612f5a44e6c0d01e7a5b82dd8b7143	goose-x86_64-unknown-linux-gnu.tar.bz2	1.49.0
goose	linux/arm64	https://github.com/aaif-goose/goose/releases/download/v1.49.0/goose-aarch64-unknown-linux-gnu.tar.bz2	246de5a95c5b283bca8419334d1a6088bbb6d2540170c26cec1ce97764bb8735	goose-aarch64-unknown-linux-gnu.tar.bz2	1.49.0
cursor-agent	linux/amd64	https://downloads.cursor.com/lab/2026.09.02-c22c1a3/linux/x64/agent-cli-package.tar.gz	b73b59854762535c0fc20d7ccc51c3b5a356a851491088d60a362be48750f53c	agent-cli-package.tar.gz	2026.09.02-c22c1a3
cursor-agent	linux/arm64	https://downloads.cursor.com/lab/2026.09.02-c22c1a3/linux/arm64/agent-cli-package.tar.gz	fb7bc635be6172ebcf68f907fd9217e3614da51916455c6d7fdb66690997884c	agent-cli-package.tar.gz	2026.09.02-c22c1a3
antigravity	linux/amd64	https://storage.googleapis.com/antigravity-public/antigravity-cli/1.1.27-5211191891591168/linux-x64/cli_linux_x64.tar.gz	f874d4f6b8a73c2df660f580f25fb656fcb6e64adbfd746e6692e837fd9a20be	cli_linux_x64.tar.gz	1.1.27
antigravity	linux/arm64	https://storage.googleapis.com/antigravity-public/antigravity-cli/1.1.27-5211191891591168/linux-arm/cli_linux_arm64.tar.gz	97fc9fe5a6067406cd02cbe4ae6e362c9623a24d33bec486911246c17ceb6a94	cli_linux_arm64.tar.gz	1.1.27
irods-mcp-server	any	https://github.com/idss-mesa/irods-mcp-server/archive/8b1c231394601df49c66929bde971d167288c001.tar.gz	d1862d3810c49090a238a7ce9857af379d5bad7a3e8ddb66e2883cdfe32f714b	irods-mcp-server.tar.gz	8b1c231394601df49c66929bde971d167288c001
mesa-mcp	any	https://github.com/idss-mesa/mesa-mcp/archive/5816120589d4e7d891b28b983fc0d3e9f3cd3263.tar.gz	fd3a910e5808fa3dbe1a3900dca430219238192c80829d92bafd9f319aef3e40	mesa-mcp.tar.gz	5816120589d4e7d891b28b983fc0d3e9f3cd3263
mesa-ducklake	any	https://github.com/idss-mesa/mesa-ducklake/archive/75893d5c0497009aed9bb2111f7ed48033b38abf.tar.gz	95edd1b561d087ce197865cc53ca3c98f83ee2b519053c3e416ed11ae4e459b2	mesa-ducklake.tar.gz	75893d5c0497009aed9bb2111f7ed48033b38abf
